
Microsoft Visual Studio Solution File, Format Version 12.00
# Visual Studio Version 17
VisualStudioVersion = 17.14.36127.28 d17.14
MinimumVisualStudioVersion = 10.0.40219.1
Project("{FAE04EC0-301F-11D3-BF4B-00C04F79EFBC}") = "2 - resolução de problemas", "2 - resolução de problemas\2 - resolução de problemas.csproj", "{78E5DA2D-1208-425C-B873-3CDF05E74BDE}"
EndProject
Global
	GlobalSection(SolutionConfigurationPlatforms) = preSolution
		Debug|Any CPU = Debug|Any CPU
		Release|Any CPU = Release|Any CPU
	EndGlobalSection
	GlobalSection(ProjectConfigurationPlatforms) = postSolution
		{78E5DA2D-1208-425C-B873-3CDF05E74BDE}.Debug|Any CPU.ActiveCfg = Debug|Any CPU
		{78E5DA2D-1208-425C-B873-3CDF05E74BDE}.Debug|Any CPU.Build.0 = Debug|Any CPU
		{78E5DA2D-1208-425C-B873-3CDF05E74BDE}.Release|Any CPU.ActiveCfg = Release|Any CPU
		{78E5DA2D-1208-425C-B873-3CDF05E74BDE}.Release|Any CPU.Build.0 = Release|Any CPU
	EndGlobalSection
	GlobalSection(SolutionProperties) = preSolution
		HideSolutionNode = FALSE
	EndGlobalSection
	GlobalSection(ExtensibilityGlobals) = postSolution
		SolutionGuid = {3476B7DC-00D4-4DAC-ABEF-A9DBBBC4A4C8}
	EndGlobalSection
EndGlobal
